// !$*UTF8*$!
{
	archiveVersion = 1;
	classes = {
	};
	objectVersion = 46;
	objects = {

/* Begin PBXBuildFile section */
		1303BF0A1AF496610076B192 /* AppDelegate.swift in Sources */ = {isa = PBXBuildFile; fileRef = 1303BF091AF496610076B192 /* AppDelegate.swift */; };
		1303BF0E1AF496610076B192 /* GameScene.swift in Sources */ = {isa = PBXBuildFile; fileRef = 1303BF0D1AF496610076B192 /* GameScene.swift */; };
		1303BF101AF496610076B192 /* GameViewController.swift in Sources */ = {isa = PBXBuildFile; fileRef = 1303BF0F1AF496610076B192 /* GameViewController.swift */; };
		1303BF131AF496610076B192 /* Main.storyboard in Resources */ = {isa = PBXBuildFile; fileRef = 1303BF111AF496610076B192 /* Main.storyboard */; };
		1303BF151AF496610076B192 /* Images.xcassets in Resources */ = {isa = PBXBuildFile; fileRef = 1303BF141AF496610076B192 /* Images.xcassets */; };
		1303BF181AF496610076B192 /* LaunchScreen.xib in Resources */ = {isa = PBXBuildFile; fileRef = 1303BF161AF496610076B192 /* LaunchScreen.xib */; };
		1303BF241AF496610076B192 /* QuarkTests.swift in Sources */ = {isa = PBXBuildFile; fileRef = 1303BF231AF496610076B192 /* QuarkTests.swift */; };
		13B392AA1AFB320C00C1A6B0 /* .gitignore in Resources */ = {isa = PBXBuildFile; fileRef = 13B392691AFB320C00C1A6B0 /* .gitignore */; };
		13B392C51AFB320C00C1A6B0 /* LICENSE.txt in Resources */ = {isa = PBXBuildFile; fileRef = 13B3929B1AFB320C00C1A6B0 /* LICENSE.txt */; };
		13B392C61AFB320C00C1A6B0 /* README.md in Sources */ = {isa = PBXBuildFile; fileRef = 13B3929C1AFB320C00C1A6B0 /* README.md */; };
		13B392C71AFB320C00C1A6B0 /* CGFloat+Extensions.swift in Sources */ = {isa = PBXBuildFile; fileRef = 13B3929E1AFB320C00C1A6B0 /* CGFloat+Extensions.swift */; };
		13B392C81AFB320C00C1A6B0 /* CGPoint+Extensions.swift in Sources */ = {isa = PBXBuildFile; fileRef = 13B3929F1AFB320C00C1A6B0 /* CGPoint+Extensions.swift */; };
		13B392C91AFB320C00C1A6B0 /* CGVector+Extensions.swift in Sources */ = {isa = PBXBuildFile; fileRef = 13B392A01AFB320C00C1A6B0 /* CGVector+Extensions.swift */; };
		13B392CA1AFB320C00C1A6B0 /* Int+Extensions.swift in Sources */ = {isa = PBXBuildFile; fileRef = 13B392A11AFB320C00C1A6B0 /* Int+Extensions.swift */; };
		13B392CB1AFB320C00C1A6B0 /* SKAction+Extensions.swift in Sources */ = {isa = PBXBuildFile; fileRef = 13B392A21AFB320C00C1A6B0 /* SKAction+Extensions.swift */; };
		13B392CC1AFB320C00C1A6B0 /* SKAction+SpecialEffects.swift in Sources */ = {isa = PBXBuildFile; fileRef = 13B392A31AFB320C00C1A6B0 /* SKAction+SpecialEffects.swift */; };
		13B392CD1AFB320C00C1A6B0 /* SKColor+Extensions.swift in Sources */ = {isa = PBXBuildFile; fileRef = 13B392A41AFB320C00C1A6B0 /* SKColor+Extensions.swift */; };
		13B392CE1AFB320C00C1A6B0 /* SKNode+Extensions.swift in Sources */ = {isa = PBXBuildFile; fileRef = 13B392A51AFB320C00C1A6B0 /* SKNode+Extensions.swift */; };
		13B392CF1AFB320C00C1A6B0 /* SKTAudio.swift in Sources */ = {isa = PBXBuildFile; fileRef = 13B392A61AFB320C00C1A6B0 /* SKTAudio.swift */; };
		13B392D01AFB320C00C1A6B0 /* SKTEffects.swift in Sources */ = {isa = PBXBuildFile; fileRef = 13B392A71AFB320C00C1A6B0 /* SKTEffects.swift */; };
		13B392D11AFB320C00C1A6B0 /* SKTTimingFunctions.swift in Sources */ = {isa = PBXBuildFile; fileRef = 13B392A81AFB320C00C1A6B0 /* SKTTimingFunctions.swift */; };
		13B392D21AFB320C00C1A6B0 /* Vector3.swift in Sources */ = {isa = PBXBuildFile; fileRef = 13B392A91AFB320C00C1A6B0 /* Vector3.swift */; };
		13B392E41AFB354C00C1A6B0 /* Particle.sks in Resources */ = {isa = PBXBuildFile; fileRef = 13B392E21AFB354C00C1A6B0 /* Particle.sks */; };
		13B392E51AFB354C00C1A6B0 /* spark.png in Resources */ = {isa = PBXBuildFile; fileRef = 13B392E31AFB354C00C1A6B0 /* spark.png */; };
		13B3931D1AFF41D600C1A6B0 /* Game.swift in Sources */ = {isa = PBXBuildFile; fileRef = 13B3931C1AFF41D600C1A6B0 /* Game.swift */; };
		13B3931F1AFF41FD00C1A6B0 /* Extensions.swift in Sources */ = {isa = PBXBuildFile; fileRef = 13B3931E1AFF41FD00C1A6B0 /* Extensions.swift */; };
		13B393211AFF422300C1A6B0 /* Level.swift in Sources */ = {isa = PBXBuildFile; fileRef = 13B393201AFF422300C1A6B0 /* Level.swift */; };
/* End PBXBuildFile section */

/* Begin PBXContainerItemProxy section */
		1303BF1E1AF496610076B192 /* PBXContainerItemProxy */ = {
			isa = PBXContainerItemProxy;
			containerPortal = 1303BEFC1AF496610076B192 /* Project object */;
			proxyType = 1;
			remoteGlobalIDString = 1303BF031AF496610076B192;
			remoteInfo = Quark;
		};
/* End PBXContainerItemProxy section */

/* Begin PBXFileReference section */
		1303BF041AF496610076B192 /* Quark.app */ = {isa = PBXFileReference; explicitFileType = wrapper.application; includeInIndex = 0; path = Quark.app; sourceTree = BUILT_PRODUCTS_DIR; };
		1303BF081AF496610076B192 /* Info.plist */ = {isa = PBXFileReference; lastKnownFileType = text.plist.xml; path = Info.plist; sourceTree = "<group>"; };
		1303BF091AF496610076B192 /* AppDelegate.swift */ = {isa = PBXFileReference; lastKnownFileType = sourcecode.swift; path = AppDelegate.swift; sourceTree = "<group>"; };
		1303BF0D1AF496610076B192 /* GameScene.swift */ = {isa = PBXFileReference; lastKnownFileType = sourcecode.swift; path = GameScene.swift; sourceTree = "<group>"; };
		1303BF0F1AF496610076B192 /* GameViewController.swift */ = {isa = PBXFileReference; lastKnownFileType = sourcecode.swift; path = GameViewController.swift; sourceTree = "<group>"; };
		1303BF121AF496610076B192 /* Base */ = {isa = PBXFileReference; lastKnownFileType = file.storyboard; name = Base; path = Base.lproj/Main.storyboard; sourceTree = "<group>"; };
		1303BF141AF496610076B192 /* Images.xcassets */ = {isa = PBXFileReference; lastKnownFileType = folder.assetcatalog; path = Images.xcassets; sourceTree = "<group>"; };
		1303BF171AF496610076B192 /* Base */ = {isa = PBXFileReference; lastKnownFileType = file.xib; name = Base; path = Base.lproj/LaunchScreen.xib; sourceTree = "<group>"; };
		1303BF1D1AF496610076B192 /* QuarkTests.xctest */ = {isa = PBXFileReference; explicitFileType = wrapper.cfbundle; includeInIndex = 0; path = QuarkTests.xctest; sourceTree = BUILT_PRODUCTS_DIR; };
		1303BF221AF496610076B192 /* Info.plist */ = {isa = PBXFileReference; lastKnownFileType = text.plist.xml; path = Info.plist; sourceTree = "<group>"; };
		1303BF231AF496610076B192 /* QuarkTests.swift */ = {isa = PBXFileReference; lastKnownFileType = sourcecode.swift; path = QuarkTests.swift; sourceTree = "<group>"; };
		13B392691AFB320C00C1A6B0 /* .gitignore */ = {isa = PBXFileReference; fileEncoding = 4; lastKnownFileType = text; path = .gitignore; sourceTree = "<group>"; };
		13B3929B1AFB320C00C1A6B0 /* LICENSE.txt */ = {isa = PBXFileReference; fileEncoding = 4; lastKnownFileType = text; path = LICENSE.txt; sourceTree = "<group>"; };
		13B3929C1AFB320C00C1A6B0 /* README.md */ = {isa = PBXFileReference; fileEncoding = 4; lastKnownFileType = net.daringfireball.markdown; path = README.md; sourceTree = "<group>"; };
		13B3929E1AFB320C00C1A6B0 /* CGFloat+Extensions.swift */ = {isa = PBXFileReference; fileEncoding = 4; lastKnownFileType = sourcecode.swift; path = "CGFloat+Extensions.swift"; sourceTree = "<group>"; };
		13B3929F1AFB320C00C1A6B0 /* CGPoint+Extensions.swift */ = {isa = PBXFileReference; fileEncoding = 4; lastKnownFileType = sourcecode.swift; path = "CGPoint+Extensions.swift"; sourceTree = "<group>"; };
		13B392A01AFB320C00C1A6B0 /* CGVector+Extensions.swift */ = {isa = PBXFileReference; fileEncoding = 4; lastKnownFileType = sourcecode.swift; path = "CGVector+Extensions.swift"; sourceTree = "<group>"; };
		13B392A11AFB320C00C1A6B0 /* Int+Extensions.swift */ = {isa = PBXFileReference; fileEncoding = 4; lastKnownFileType = sourcecode.swift; path = "Int+Extensions.swift"; sourceTree = "<group>"; };
		13B392A21AFB320C00C1A6B0 /* SKAction+Extensions.swift */ = {isa = PBXFileReference; fileEncoding = 4; lastKnownFileType = sourcecode.swift; path = "SKAction+Extensions.swift"; sourceTree = "<group>"; };
		13B392A31AFB320C00C1A6B0 /* SKAction+SpecialEffects.swift */ = {isa = PBXFileReference; fileEncoding = 4; lastKnownFileType = sourcecode.swift; path = "SKAction+SpecialEffects.swift"; sourceTree = "<group>"; };
		13B392A41AFB320C00C1A6B0 /* SKColor+Extensions.swift */ = {isa = PBXFileReference; fileEncoding = 4; lastKnownFileType = sourcecode.swift; path = "SKColor+Extensions.swift"; sourceTree = "<group>"; };
		13B392A51AFB320C00C1A6B0 /* SKNode+Extensions.swift */ = {isa = PBXFileReference; fileEncoding = 4; lastKnownFileType = sourcecode.swift; path = "SKNode+Extensions.swift"; sourceTree = "<group>"; };
		13B392A61AFB320C00C1A6B0 /* SKTAudio.swift */ = {isa = PBXFileReference; fileEncoding = 4; lastKnownFileType = sourcecode.swift; path = SKTAudio.swift; sourceTree = "<group>"; };
		13B392A71AFB320C00C1A6B0 /* SKTEffects.swift */ = {isa = PBXFileReference; fileEncoding = 4; lastKnownFileType = sourcecode.swift; path = SKTEffects.swift; sourceTree = "<group>"; };
		13B392A81AFB320C00C1A6B0 /* SKTTimingFunctions.swift */ = {isa = PBXFileReference; fileEncoding = 4; lastKnownFileType = sourcecode.swift; path = SKTTimingFunctions.swift; sourceTree = "<group>"; };
		13B392A91AFB320C00C1A6B0 /* Vector3.swift */ = {isa = PBXFileReference; fileEncoding = 4; lastKnownFileType = sourcecode.swift; path = Vector3.swift; sourceTree = "<group>"; };
		13B392E21AFB354C00C1A6B0 /* Particle.sks */ = {isa = PBXFileReference; lastKnownFileType = file.sks; path = Particle.sks; sourceTree = "<group>"; };
		13B392E31AFB354C00C1A6B0 /* spark.png */ = {isa = PBXFileReference; lastKnownFileType = image.png; path = spark.png; sourceTree = "<group>"; };
		13B3931C1AFF41D600C1A6B0 /* Game.swift */ = {isa = PBXFileReference; fileEncoding = 4; lastKnownFileType = sourcecode.swift; path = Game.swift; sourceTree = "<group>"; };
		13B3931E1AFF41FD00C1A6B0 /* Extensions.swift */ = {isa = PBXFileReference; fileEncoding = 4; lastKnownFileType = sourcecode.swift; path = Extensions.swift; sourceTree = "<group>"; };
		13B393201AFF422300C1A6B0 /* Level.swift */ = {isa = PBXFileReference; fileEncoding = 4; lastKnownFileType = sourcecode.swift; path = Level.swift; sourceTree = "<group>"; };
/* End PBXFileReference section */

/* Begin PBXFrameworksBuildPhase section */
		1303BF011AF496610076B192 /* Frameworks */ = {
			isa = PBXFrameworksBuildPhase;
			buildActionMask = 2147483647;
			files = (
			);
			runOnlyForDeploymentPostprocessing = 0;
		};
		1303BF1A1AF496610076B192 /* Frameworks */ = {
			isa = PBXFrameworksBuildPhase;
			buildActionMask = 2147483647;
			files = (
			);
			runOnlyForDeploymentPostprocessing = 0;
		};
/* End PBXFrameworksBuildPhase section */

/* Begin PBXGroup section */
		1303BEFB1AF496610076B192 = {
			isa = PBXGroup;
			children = (
				13B392671AFB320C00C1A6B0 /* Libraries */,
				1303BF061AF496610076B192 /* Quark */,
				1303BF201AF496610076B192 /* QuarkTests */,
				1303BF051AF496610076B192 /* Products */,
			);
			sourceTree = "<group>";
		};
		1303BF051AF496610076B192 /* Products */ = {
			isa = PBXGroup;
			children = (
				1303BF041AF496610076B192 /* Quark.app */,
				1303BF1D1AF496610076B192 /* QuarkTests.xctest */,
			);
			name = Products;
			sourceTree = "<group>";
		};
		1303BF061AF496610076B192 /* Quark */ = {
			isa = PBXGroup;
			children = (
				1303BF091AF496610076B192 /* AppDelegate.swift */,
				1303BF0F1AF496610076B192 /* GameViewController.swift */,
				13B3931C1AFF41D600C1A6B0 /* Game.swift */,
				13B393201AFF422300C1A6B0 /* Level.swift */,
				1303BF0D1AF496610076B192 /* GameScene.swift */,
				13B3931E1AFF41FD00C1A6B0 /* Extensions.swift */,
				1303BF111AF496610076B192 /* Main.storyboard */,
				1303BF141AF496610076B192 /* Images.xcassets */,
				1303BF161AF496610076B192 /* LaunchScreen.xib */,
				1303BF071AF496610076B192 /* Supporting Files */,
				13B392E21AFB354C00C1A6B0 /* Particle.sks */,
				13B392E31AFB354C00C1A6B0 /* spark.png */,
			);
			path = Quark;
			sourceTree = "<group>";
		};
		1303BF071AF496610076B192 /* Supporting Files */ = {
			isa = PBXGroup;
			children = (
				1303BF081AF496610076B192 /* Info.plist */,
			);
			name = "Supporting Files";
			sourceTree = "<group>";
		};
		1303BF201AF496610076B192 /* QuarkTests */ = {
			isa = PBXGroup;
			children = (
				1303BF231AF496610076B192 /* QuarkTests.swift */,
				1303BF211AF496610076B192 /* Supporting Files */,
			);
			path = QuarkTests;
			sourceTree = "<group>";
		};
		1303BF211AF496610076B192 /* Supporting Files */ = {
			isa = PBXGroup;
			children = (
				1303BF221AF496610076B192 /* Info.plist */,
			);
			name = "Supporting Files";
			sourceTree = "<group>";
		};
		13B392671AFB320C00C1A6B0 /* Libraries */ = {
			isa = PBXGroup;
			children = (
				13B392681AFB320C00C1A6B0 /* SKTUtils */,
			);
			path = Libraries;
			sourceTree = "<group>";
		};
		13B392681AFB320C00C1A6B0 /* SKTUtils */ = {
			isa = PBXGroup;
			children = (
				13B392691AFB320C00C1A6B0 /* .gitignore */,
				13B3929B1AFB320C00C1A6B0 /* LICENSE.txt */,
				13B3929C1AFB320C00C1A6B0 /* README.md */,
				13B3929D1AFB320C00C1A6B0 /* SKTUtils */,
			);
			path = SKTUtils;
			sourceTree = "<group>";
		};
		13B3929D1AFB320C00C1A6B0 /* SKTUtils */ = {
			isa = PBXGroup;
			children = (
				13B3929E1AFB320C00C1A6B0 /* CGFloat+Extensions.swift */,
				13B3929F1AFB320C00C1A6B0 /* CGPoint+Extensions.swift */,
				13B392A01AFB320C00C1A6B0 /* CGVector+Extensions.swift */,
				13B392A11AFB320C00C1A6B0 /* Int+Extensions.swift */,
				13B392A21AFB320C00C1A6B0 /* SKAction+Extensions.swift */,
				13B392A31AFB320C00C1A6B0 /* SKAction+SpecialEffects.swift */,
				13B392A41AFB320C00C1A6B0 /* SKColor+Extensions.swift */,
				13B392A51AFB320C00C1A6B0 /* SKNode+Extensions.swift */,
				13B392A61AFB320C00C1A6B0 /* SKTAudio.swift */,
				13B392A71AFB320C00C1A6B0 /* SKTEffects.swift */,
				13B392A81AFB320C00C1A6B0 /* SKTTimingFunctions.swift */,
				13B392A91AFB320C00C1A6B0 /* Vector3.swift */,
			);
			path = SKTUtils;
			sourceTree = "<group>";
		};
/* End PBXGroup section */

/* Begin PBXNativeTarget section */
		1303BF031AF496610076B192 /* Quark */ = {
			isa = PBXNativeTarget;
			buildConfigurationList = 1303BF271AF496610076B192 /* Build configuration list for PBXNativeTarget "Quark" */;
			buildPhases = (
				1303BF001AF496610076B192 /* Sources */,
				1303BF011AF496610076B192 /* Frameworks */,
				1303BF021AF496610076B192 /* Resources */,
			);
			buildRules = (
			);
			dependencies = (
			);
			name = Quark;
			productName = Quark;
			productReference = 1303BF041AF496610076B192 /* Quark.app */;
			productType = "com.apple.product-type.application";
		};
		1303BF1C1AF496610076B192 /* QuarkTests */ = {
			isa = PBXNativeTarget;
			buildConfigurationList = 1303BF2A1AF496610076B192 /* Build configuration list for PBXNativeTarget "QuarkTests" */;
			buildPhases = (
				1303BF191AF496610076B192 /* Sources */,
				1303BF1A1AF496610076B192 /* Frameworks */,
				1303BF1B1AF496610076B192 /* Resources */,
			);
			buildRules = (
			);
			dependencies = (
				1303BF1F1AF496610076B192 /* PBXTargetDependency */,
			);
			name = QuarkTests;
			productName = QuarkTests;
			productReference = 1303BF1D1AF496610076B192 /* QuarkTests.xctest */;
			productType = "com.apple.product-type.bundle.unit-test";
		};
/* End PBXNativeTarget section */

/* Begin PBXProject section */
		1303BEFC1AF496610076B192 /* Project object */ = {
			isa = PBXProject;
			attributes = {
				LastUpgradeCheck = 0630;
				ORGANIZATIONNAME = Conner;
				TargetAttributes = {
					1303BF031AF496610076B192 = {
						CreatedOnToolsVersion = 6.3;
					};
					1303BF1C1AF496610076B192 = {
						CreatedOnToolsVersion = 6.3;
						TestTargetID = 1303BF031AF496610076B192;
					};
				};
			};
			buildConfigurationList = 1303BEFF1AF496610076B192 /* Build configuration list for PBXProject "Quark" */;
			compatibilityVersion = "Xcode 3.2";
			developmentRegion = English;
			hasScannedForEncodings = 0;
			knownRegions = (
				en,
				Base,
			);
			mainGroup = 1303BEFB1AF496610076B192;
			productRefGroup = 1303BF051AF496610076B192 /* Products */;
			projectDirPath = "";
			projectRoot = "";
			targets = (
				1303BF031AF496610076B192 /* Quark */,
				1303BF1C1AF496610076B192 /* QuarkTests */,
			);
		};
/* End PBXProject section */

/* Begin PBXResourcesBuildPhase section */
		1303BF021AF496610076B192 /* Resources */ = {
			isa = PBXResourcesBuildPhase;
			buildActionMask = 2147483647;
			files = (
				13B392AA1AFB320C00C1A6B0 /* .gitignore in Resources */,
				13B392E41AFB354C00C1A6B0 /* Particle.sks in Resources */,
				13B392C51AFB320C00C1A6B0 /* LICENSE.txt in Resources */,
				13B392E51AFB354C00C1A6B0 /* spark.png in Resources */,
				1303BF181AF496610076B192 /* LaunchScreen.xib in Resources */,
				1303BF151AF496610076B192 /* Images.xcassets in Resources */,
				1303BF131AF496610076B192 /* Main.storyboard in Resources */,
			);
			runOnlyForDeploymentPostprocessing = 0;
		};
		1303BF1B1AF496610076B192 /* Resources */ = {
			isa = PBXResourcesBuildPhase;
			buildActionMask = 2147483647;
			files = (
			);
			runOnlyForDeploymentPostprocessing = 0;
		};
/* End PBXResourcesBuildPhase section */

/* Begin PBXSourcesBuildPhase section */
		1303BF001AF496610076B192 /* Sources */ = {
			isa = PBXSourcesBuildPhase;
			buildActionMask = 2147483647;
			files = (
				13B392CB1AFB320C00C1A6B0 /* SKAction+Extensions.swift in Sources */,
				13B392C71AFB320C00C1A6B0 /* CGFloat+Extensions.swift in Sources */,
				13B392C81AFB320C00C1A6B0 /* CGPoint+Extensions.swift in Sources */,
				13B392CA1AFB320C00C1A6B0 /* Int+Extensions.swift in Sources */,
				13B392C91AFB320C00C1A6B0 /* CGVector+Extensions.swift in Sources */,
				13B392CF1AFB320C00C1A6B0 /* SKTAudio.swift in Sources */,
				13B392CC1AFB320C00C1A6B0 /* SKAction+SpecialEffects.swift in Sources */,
				1303BF0E1AF496610076B192 /* GameScene.swift in Sources */,
				13B392D01AFB320C00C1A6B0 /* SKTEffects.swift in Sources */,
				13B392D11AFB320C00C1A6B0 /* SKTTimingFunctions.swift in Sources */,
				1303BF101AF496610076B192 /* GameViewController.swift in Sources */,
				13B3931F1AFF41FD00C1A6B0 /* Extensions.swift in Sources */,
				13B392CD1AFB320C00C1A6B0 /* SKColor+Extensions.swift in Sources */,
				13B392C61AFB320C00C1A6B0 /* README.md in Sources */,
				13B3931D1AFF41D600C1A6B0 /* Game.swift in Sources */,
				1303BF0A1AF496610076B192 /* AppDelegate.swift in Sources */,
				13B392CE1AFB320C00C1A6B0 /* SKNode+Extensions.swift in Sources */,
				13B393211AFF422300C1A6B0 /* Level.swift in Sources */,
				13B392D21AFB320C00C1A6B0 /* Vector3.swift in Sources */,
			);
			runOnlyForDeploymentPostprocessing = 0;
		};
		1303BF191AF496610076B192 /* Sources */ = {
			isa = PBXSourcesBuildPhase;
			buildActionMask = 2147483647;
			files = (
				1303BF241AF496610076B192 /* QuarkTests.swift in Sources */,
			);
			runOnlyForDeploymentPostprocessing = 0;
		};
/* End PBXSourcesBuildPhase section */

/* Begin PBXTargetDependency section */
		1303BF1F1AF496610076B192 /* PBXTargetDependency */ = {
			isa = PBXTargetDependency;
			target = 1303BF031AF496610076B192 /* Quark */;
			targetProxy = 1303BF1E1AF496610076B192 /* PBXContainerItemProxy */;
		};
/* End PBXTargetDependency section */

/* Begin PBXVariantGroup section */
		1303BF111AF496610076B192 /* Main.storyboard */ = {
			isa = PBXVariantGroup;
			children = (
				1303BF121AF496610076B192 /* Base */,
			);
			name = Main.storyboard;
			sourceTree = "<group>";
		};
		1303BF161AF496610076B192 /* LaunchScreen.xib */ = {
			isa = PBXVariantGroup;
			children = (
				1303BF171AF496610076B192 /* Base */,
			);
			name = LaunchScreen.xib;
			sourceTree = "<group>";
		};
/* End PBXVariantGroup section */

/* Begin XCBuildConfiguration section */
		1303BF251AF496610076B192 /* Debug */ = {
			isa = XCBuildConfiguration;
			buildSettings = {
				ALWAYS_SEARCH_USER_PATHS = NO;
				CLANG_CXX_LANGUAGE_STANDARD = "gnu++0x";
				CLANG_CXX_LIBRARY = "libc++";
				CLANG_ENABLE_MODULES = YES;
				CLANG_ENABLE_OBJC_ARC = YES;
				CLANG_WARN_BOOL_CONVERSION = YES;
				CLANG_WARN_CONSTANT_CONVERSION = YES;
				CLANG_WARN_DIRECT_OBJC_ISA_USAGE = YES_ERROR;
				CLANG_WARN_EMPTY_BODY = YES;
				CLANG_WARN_ENUM_CONVERSION = YES;
				CLANG_WARN_INT_CONVERSION = YES;
				CLANG_WARN_OBJC_ROOT_CLASS = YES_ERROR;
				CLANG_WARN_UNREACHABLE_CODE = YES;
				CLANG_WARN__DUPLICATE_METHOD_MATCH = YES;
				"CODE_SIGN_IDENTITY[sdk=iphoneos*]" = "iPhone Developer";
				COPY_PHASE_STRIP = NO;
				DEBUG_INFORMATION_FORMAT = "dwarf-with-dsym";
				ENABLE_STRICT_OBJC_MSGSEND = YES;
				GCC_C_LANGUAGE_STANDARD = gnu99;
				GCC_DYNAMIC_NO_PIC = NO;
				GCC_NO_COMMON_BLOCKS = YES;
				GCC_OPTIMIZATION_LEVEL = 0;
				GCC_PREPROCESSOR_DEFINITIONS = (
					"DEBUG=1",
					"$(inherited)",
				);
				GCC_SYMBOLS_PRIVATE_EXTERN = NO;
				GCC_WARN_64_TO_32_BIT_CONVERSION = YES;
				GCC_WARN_ABOUT_RETURN_TYPE = YES_ERROR;
				GCC_WARN_UNDECLARED_SELECTOR = YES;
				GCC_WARN_UNINITIALIZED_AUTOS = YES_AGGRESSIVE;
				GCC_WARN_UNUSED_FUNCTION = YES;
				GCC_WARN_UNUSED_VARIABLE = YES;
				IPHONEOS_DEPLOYMENT_TARGET = 8.3;
				MTL_ENABLE_DEBUG_INFO = YES;
				ONLY_ACTIVE_ARCH = YES;
				SDKROOT = iphoneos;
				SWIFT_OPTIMIZATION_LEVEL = "-Onone";
				TARGETED_DEVICE_FAMILY = "1,2";
			};
			name = Debug;
		};
		1303BF261AF496610076B192 /* Release */ = {
			isa = XCBuildConfiguration;
			buildSettings = {
				ALWAYS_SEARCH_USER_PATHS = NO;
				CLANG_CXX_LANGUAGE_STANDARD = "gnu++0x";
				CLANG_CXX_LIBRARY = "libc++";
				CLANG_ENABLE_MODULES = YES;
				CLANG_ENABLE_OBJC_ARC = YES;
				CLANG_WARN_BOOL_CONVERSION = YES;
				CLANG_WARN_CONSTANT_CONVERSION = YES;
				CLANG_WARN_DIRECT_OBJC_ISA_USAGE = YES_ERROR;
				CLANG_WARN_EMPTY_BODY = YES;
				CLANG_WARN_ENUM_CONVERSION = YES;
				CLANG_WARN_INT_CONVERSION = YES;
				CLANG_WARN_OBJC_ROOT_CLASS = YES_ERROR;
				CLANG_WARN_UNREACHABLE_CODE = YES;
				CLANG_WARN__DUPLICATE_METHOD_MATCH = YES;
				"CODE_SIGN_IDENTITY[sdk=iphoneos*]" = "iPhone Developer";
				COPY_PHASE_STRIP = NO;
				DEBUG_INFORMATION_FORMAT = "dwarf-with-dsym";
				ENABLE_NS_ASSERTIONS = NO;
				ENABLE_STRICT_OBJC_MSGSEND = YES;
				GCC_C_LANGUAGE_STANDARD = gnu99;
				GCC_NO_COMMON_BLOCKS = YES;
				GCC_WARN_64_TO_32_BIT_CONVERSION = YES;
				GCC_WARN_ABOUT_RETURN_TYPE = YES_ERROR;
				GCC_WARN_UNDECLARED_SELECTOR = YES;
				GCC_WARN_UNINITIALIZED_AUTOS = YES_AGGRESSIVE;
				GCC_WARN_UNUSED_FUNCTION = YES;
				GCC_WARN_UNUSED_VARIABLE = YES;
				IPHONEOS_DEPLOYMENT_TARGET = 8.3;
				MTL_ENABLE_DEBUG_INFO = NO;
				SDKROOT = iphoneos;
				TARGETED_DEVICE_FAMILY = "1,2";
				VALIDATE_PRODUCT = YES;
			};
			name = Release;
		};
		1303BF281AF496610076B192 /* Debug */ = {
			isa = XCBuildConfiguration;
			buildSettings = {
				ASSETCATALOG_COMPILER_APPICON_NAME = AppIcon;
				INFOPLIST_FILE = Quark/Info.plist;
				LD_RUNPATH_SEARCH_PATHS = "$(inherited) @executable_path/Frameworks";
				PRODUCT_NAME = "$(TARGET_NAME)";
			};
			name = Debug;
		};
		1303BF291AF496610076B192 /* Release */ = {
			isa = XCBuildConfiguration;
			buildSettings = {
				ASSETCATALOG_COMPILER_APPICON_NAME = AppIcon;
				INFOPLIST_FILE = Quark/Info.plist;
				LD_RUNPATH_SEARCH_PATHS = "$(inherited) @executable_path/Frameworks";
				PRODUCT_NAME = "$(TARGET_NAME)";
			};
			name = Release;
		};
		1303BF2B1AF496610076B192 /* Debug */ = {
			isa = XCBuildConfiguration;
			buildSettings = {
				BUNDLE_LOADER = "$(TEST_HOST)";
				FRAMEWORK_SEARCH_PATHS = (
					"$(SDKROOT)/Developer/Library/Frameworks",
					"$(inherited)",
				);
				GCC_PREPROCESSOR_DEFINITIONS = (
					"DEBUG=1",
					"$(inherited)",
				);
				INFOPLIST_FILE = QuarkTests/Info.plist;
				LD_RUNPATH_SEARCH_PATHS = "$(inherited) @executable_path/Frameworks @loader_path/Frameworks";
				PRODUCT_NAME = "$(TARGET_NAME)";
				TEST_HOST = "$(BUILT_PRODUCTS_DIR)/Quark.app/Quark";
			};
			name = Debug;
		};
		1303BF2C1AF496610076B192 /* Release */ = {
			isa = XCBuildConfiguration;
			buildSettings = {
				BUNDLE_LOADER = "$(TEST_HOST)";
				FRAMEWORK_SEARCH_PATHS = (
					"$(SDKROOT)/Developer/Library/Frameworks",
					"$(inherited)",
				);
				INFOPLIST_FILE = QuarkTests/Info.plist;
				LD_RUNPATH_SEARCH_PATHS = "$(inherited) @executable_path/Frameworks @loader_path/Frameworks";
				PRODUCT_NAME = "$(TARGET_NAME)";
				TEST_HOST = "$(BUILT_PRODUCTS_DIR)/Quark.app/Quark";
			};
			name = Release;
		};
/* End XCBuildConfiguration section */

/* Begin XCConfigurationList section */
		1303BEFF1AF496610076B192 /* Build configuration list for PBXProject "Quark" */ = {
			isa = XCConfigurationList;
			buildConfigurations = (
				1303BF251AF496610076B192 /* Debug */,
				1303BF261AF496610076B192 /* Release */,
			);
			defaultConfigurationIsVisible = 0;
			defaultConfigurationName = Release;
		};
		1303BF271AF496610076B192 /* Build configuration list for PBXNativeTarget "Quark" */ = {
			isa = XCConfigurationList;
			buildConfigurations = (
				1303BF281AF496610076B192 /* Debug */,
				1303BF291AF496610076B192 /* Release */,
			);
			defaultConfigurationIsVisible = 0;
			defaultConfigurationName = Release;
		};
		1303BF2A1AF496610076B192 /* Build configuration list for PBXNativeTarget "QuarkTests" */ = {
			isa = XCConfigurationList;
			buildConfigurations = (
				1303BF2B1AF496610076B192 /* Debug */,
				1303BF2C1AF496610076B192 /* Release */,
			);
			defaultConfigurationIsVisible = 0;
			defaultConfigurationName = Release;
		};
/* End XCConfigurationList section */
	};
	rootObject = 1303BEFC1AF496610076B192 /* Project object */;
}
